
Microsoft Visual Studio Solution File, Format Version 11.00
# Visual Studio 2010
Project("{FAE04EC0-301F-11D3-BF4B-00C04F79EFBC}") = "ecologylabFundamental.NET", "ecologylabFundamental\ecologylabFundamental.NET.csproj", "{2250CC5F-E93C-4BCE-82B8-3760E3A528EE}"
EndProject
Project("{FAE04EC0-301F-11D3-BF4B-00C04F79EFBC}") = "ecologylabXML.NETTesterApp", "ecologylabXMLTesterApp\ecologylabXML.NETTesterApp.csproj", "{51240E7E-C00E-48E1-B042-9BCD158AA68B}"
EndProject
Project("{FAE04EC0-301F-11D3-BF4B-00C04F79EFBC}") = "ecologylabFundamentalTestCases", "ecologylabFundamentalTestCases\ecologylabFundamentalTestCases.csproj", "{278FDD69-C561-4E34-8D3F-E36F9E30BEF9}"
EndProject
Global
	GlobalSection(SubversionScc) = preSolution
		Svn-Managed = True
		Manager = AnkhSVN - Subversion Support for Visual Studio
	EndGlobalSection
	GlobalSection(SolutionConfigurationPlatforms) = preSolution
		Debug|Any CPU = Debug|Any CPU
		Debug|Mixed Platforms = Debug|Mixed Platforms
		Debug|x86 = Debug|x86
		Release|Any CPU = Release|Any CPU
		Release|Mixed Platforms = Release|Mixed Platforms
		Release|x86 = Release|x86
	EndGlobalSection
	GlobalSection(ProjectConfigurationPlatforms) = postSolution
		{2250CC5F-E93C-4BCE-82B8-3760E3A528EE}.Debug|Any CPU.ActiveCfg = Debug|Any CPU
		{2250CC5F-E93C-4BCE-82B8-3760E3A528EE}.Debug|Any CPU.Build.0 = Debug|Any CPU
		{2250CC5F-E93C-4BCE-82B8-3760E3A528EE}.Debug|Mixed Platforms.ActiveCfg = Debug|Any CPU
		{2250CC5F-E93C-4BCE-82B8-3760E3A528EE}.Debug|Mixed Platforms.Build.0 = Debug|Any CPU
		{2250CC5F-E93C-4BCE-82B8-3760E3A528EE}.Debug|x86.ActiveCfg = Debug|Any CPU
		{2250CC5F-E93C-4BCE-82B8-3760E3A528EE}.Release|Any CPU.ActiveCfg = Release|Any CPU
		{2250CC5F-E93C-4BCE-82B8-3760E3A528EE}.Release|Any CPU.Build.0 = Release|Any CPU
		{2250CC5F-E93C-4BCE-82B8-3760E3A528EE}.Release|Mixed Platforms.ActiveCfg = Release|Any CPU
		{2250CC5F-E93C-4BCE-82B8-3760E3A528EE}.Release|Mixed Platforms.Build.0 = Release|Any CPU
		{2250CC5F-E93C-4BCE-82B8-3760E3A528EE}.Release|x86.ActiveCfg = Release|Any CPU
		{51240E7E-C00E-48E1-B042-9BCD158AA68B}.Debug|Any CPU.ActiveCfg = Debug|x86
		{51240E7E-C00E-48E1-B042-9BCD158AA68B}.Debug|Mixed Platforms.ActiveCfg = Debug|x86
		{51240E7E-C00E-48E1-B042-9BCD158AA68B}.Debug|Mixed Platforms.Build.0 = Debug|x86
		{51240E7E-C00E-48E1-B042-9BCD158AA68B}.Debug|x86.ActiveCfg = Debug|x86
		{51240E7E-C00E-48E1-B042-9BCD158AA68B}.Debug|x86.Build.0 = Debug|x86
		{51240E7E-C00E-48E1-B042-9BCD158AA68B}.Release|Any CPU.ActiveCfg = Release|x86
		{51240E7E-C00E-48E1-B042-9BCD158AA68B}.Release|Mixed Platforms.ActiveCfg = Release|x86
		{51240E7E-C00E-48E1-B042-9BCD158AA68B}.Release|Mixed Platforms.Build.0 = Release|x86
		{51240E7E-C00E-48E1-B042-9BCD158AA68B}.Release|x86.ActiveCfg = Release|x86
		{51240E7E-C00E-48E1-B042-9BCD158AA68B}.Release|x86.Build.0 = Release|x86
		{278FDD69-C561-4E34-8D3F-E36F9E30BEF9}.Debug|Any CPU.ActiveCfg = Debug|x86
		{278FDD69-C561-4E34-8D3F-E36F9E30BEF9}.Debug|Mixed Platforms.ActiveCfg = Debug|x86
		{278FDD69-C561-4E34-8D3F-E36F9E30BEF9}.Debug|Mixed Platforms.Build.0 = Debug|x86
		{278FDD69-C561-4E34-8D3F-E36F9E30BEF9}.Debug|x86.ActiveCfg = Debug|x86
		{278FDD69-C561-4E34-8D3F-E36F9E30BEF9}.Debug|x86.Build.0 = Debug|x86
		{278FDD69-C561-4E34-8D3F-E36F9E30BEF9}.Release|Any CPU.ActiveCfg = Release|x86
		{278FDD69-C561-4E34-8D3F-E36F9E30BEF9}.Release|Mixed Platforms.ActiveCfg = Release|x86
		{278FDD69-C561-4E34-8D3F-E36F9E30BEF9}.Release|Mixed Platforms.Build.0 = Release|x86
		{278FDD69-C561-4E34-8D3F-E36F9E30BEF9}.Release|x86.ActiveCfg = Release|x86
		{278FDD69-C561-4E34-8D3F-E36F9E30BEF9}.Release|x86.Build.0 = Release|x86
	EndGlobalSection
	GlobalSection(SolutionProperties) = preSolution
		HideSolutionNode = FALSE
	EndGlobalSection
EndGlobal
