
Microsoft Visual Studio Solution File, Format Version 12.00
# Visual Studio 2012
Project("{FAE04EC0-301F-11D3-BF4B-00C04F79EFBC}") = "Simpl.Fundamental", "Simpl.Fundamental\Simpl.Fundamental.csproj", "{9A755A5E-88AA-4000-A9A7-ABDED3193855}"
EndProject
Project("{FAE04EC0-301F-11D3-BF4B-00C04F79EFBC}") = "Simpl.Serialization", "Simpl.Serialization\Simpl.Serialization.csproj", "{2B7A3C03-D3F8-485D-9AA1-EDC9AB43E42D}"
EndProject
Project("{FAE04EC0-301F-11D3-BF4B-00C04F79EFBC}") = "Simpl.OODSS", "Simpl.OODSS\Simpl.OODSS.csproj", "{479686B4-ED8A-43B4-A077-CB562E0B0741}"
EndProject
Project("{FAE04EC0-301F-11D3-BF4B-00C04F79EFBC}") = "Simpl.Serialzation.Tests", "Simpl.Serialzation.Tests\Simpl.Serialzation.Tests.csproj", "{B60ED968-EBFA-4F5C-B14E-A81F13632AEA}"
EndProject
Project("{2150E333-8FDC-42A3-9474-1A3956D46DE8}") = "Solution Items", "Solution Items", "{294D701D-7C8F-4F34-8441-7D676D658AF9}"
	ProjectSection(SolutionItems) = preProject
		EcolobylabFundamental.NET1.vsmdi = EcolobylabFundamental.NET1.vsmdi
		Local.testsettings = Local.testsettings
		TraceAndTestImpact.testsettings = TraceAndTestImpact.testsettings
	EndProjectSection
EndProject
Project("{FAE04EC0-301F-11D3-BF4B-00C04F79EFBC}") = "Simpl.Fundamental.Tests", "Simpl.Fundamental.Tests\Simpl.Fundamental.Tests.csproj", "{99D85A9E-1662-40F9-ACD3-2AF720A5C96A}"
EndProject
Global
	GlobalSection(TestCaseManagementSettings) = postSolution
		CategoryFile = EcolobylabFundamental.NET1.vsmdi
	EndGlobalSection
	GlobalSection(SolutionConfigurationPlatforms) = preSolution
		Debug|Any CPU = Debug|Any CPU
		Debug|Mixed Platforms = Debug|Mixed Platforms
		Debug|x86 = Debug|x86
		Release|Any CPU = Release|Any CPU
		Release|Mixed Platforms = Release|Mixed Platforms
		Release|x86 = Release|x86
	EndGlobalSection
	GlobalSection(ProjectConfigurationPlatforms) = postSolution
		{2B7A3C03-D3F8-485D-9AA1-EDC9AB43E42D}.Debug|Any CPU.ActiveCfg = Debug|Any CPU
		{2B7A3C03-D3F8-485D-9AA1-EDC9AB43E42D}.Debug|Any CPU.Build.0 = Debug|Any CPU
		{2B7A3C03-D3F8-485D-9AA1-EDC9AB43E42D}.Debug|Mixed Platforms.ActiveCfg = Debug|Any CPU
		{2B7A3C03-D3F8-485D-9AA1-EDC9AB43E42D}.Debug|Mixed Platforms.Build.0 = Debug|Any CPU
		{2B7A3C03-D3F8-485D-9AA1-EDC9AB43E42D}.Debug|x86.ActiveCfg = Debug|Any CPU
		{2B7A3C03-D3F8-485D-9AA1-EDC9AB43E42D}.Release|Any CPU.ActiveCfg = Release|Any CPU
		{2B7A3C03-D3F8-485D-9AA1-EDC9AB43E42D}.Release|Any CPU.Build.0 = Release|Any CPU
		{2B7A3C03-D3F8-485D-9AA1-EDC9AB43E42D}.Release|Mixed Platforms.ActiveCfg = Release|Any CPU
		{2B7A3C03-D3F8-485D-9AA1-EDC9AB43E42D}.Release|Mixed Platforms.Build.0 = Release|Any CPU
		{2B7A3C03-D3F8-485D-9AA1-EDC9AB43E42D}.Release|x86.ActiveCfg = Release|Any CPU
		{479686B4-ED8A-43B4-A077-CB562E0B0741}.Debug|Any CPU.ActiveCfg = Debug|Any CPU
		{479686B4-ED8A-43B4-A077-CB562E0B0741}.Debug|Any CPU.Build.0 = Debug|Any CPU
		{479686B4-ED8A-43B4-A077-CB562E0B0741}.Debug|Mixed Platforms.ActiveCfg = Debug|Any CPU
		{479686B4-ED8A-43B4-A077-CB562E0B0741}.Debug|x86.ActiveCfg = Debug|Any CPU
		{479686B4-ED8A-43B4-A077-CB562E0B0741}.Release|Any CPU.ActiveCfg = Release|Any CPU
		{479686B4-ED8A-43B4-A077-CB562E0B0741}.Release|Any CPU.Build.0 = Release|Any CPU
		{479686B4-ED8A-43B4-A077-CB562E0B0741}.Release|Mixed Platforms.ActiveCfg = Release|Any CPU
		{479686B4-ED8A-43B4-A077-CB562E0B0741}.Release|x86.ActiveCfg = Release|Any CPU
		{99D85A9E-1662-40F9-ACD3-2AF720A5C96A}.Debug|Any CPU.ActiveCfg = Debug|Any CPU
		{99D85A9E-1662-40F9-ACD3-2AF720A5C96A}.Debug|Any CPU.Build.0 = Debug|Any CPU
		{99D85A9E-1662-40F9-ACD3-2AF720A5C96A}.Debug|Mixed Platforms.ActiveCfg = Debug|Any CPU
		{99D85A9E-1662-40F9-ACD3-2AF720A5C96A}.Debug|Mixed Platforms.Build.0 = Debug|Any CPU
		{99D85A9E-1662-40F9-ACD3-2AF720A5C96A}.Debug|x86.ActiveCfg = Debug|Any CPU
		{99D85A9E-1662-40F9-ACD3-2AF720A5C96A}.Release|Any CPU.ActiveCfg = Release|Any CPU
		{99D85A9E-1662-40F9-ACD3-2AF720A5C96A}.Release|Any CPU.Build.0 = Release|Any CPU
		{99D85A9E-1662-40F9-ACD3-2AF720A5C96A}.Release|Mixed Platforms.ActiveCfg = Release|Any CPU
		{99D85A9E-1662-40F9-ACD3-2AF720A5C96A}.Release|Mixed Platforms.Build.0 = Release|Any CPU
		{99D85A9E-1662-40F9-ACD3-2AF720A5C96A}.Release|x86.ActiveCfg = Release|Any CPU
		{9A755A5E-88AA-4000-A9A7-ABDED3193855}.Debug|Any CPU.ActiveCfg = Debug|Any CPU
		{9A755A5E-88AA-4000-A9A7-ABDED3193855}.Debug|Any CPU.Build.0 = Debug|Any CPU
		{9A755A5E-88AA-4000-A9A7-ABDED3193855}.Debug|Mixed Platforms.ActiveCfg = Debug|Any CPU
		{9A755A5E-88AA-4000-A9A7-ABDED3193855}.Debug|Mixed Platforms.Build.0 = Debug|Any CPU
		{9A755A5E-88AA-4000-A9A7-ABDED3193855}.Debug|x86.ActiveCfg = Debug|Any CPU
		{9A755A5E-88AA-4000-A9A7-ABDED3193855}.Release|Any CPU.ActiveCfg = Release|Any CPU
		{9A755A5E-88AA-4000-A9A7-ABDED3193855}.Release|Any CPU.Build.0 = Release|Any CPU
		{9A755A5E-88AA-4000-A9A7-ABDED3193855}.Release|Mixed Platforms.ActiveCfg = Release|Any CPU
		{9A755A5E-88AA-4000-A9A7-ABDED3193855}.Release|Mixed Platforms.Build.0 = Release|Any CPU
		{9A755A5E-88AA-4000-A9A7-ABDED3193855}.Release|x86.ActiveCfg = Release|Any CPU
		{B60ED968-EBFA-4F5C-B14E-A81F13632AEA}.Debug|Any CPU.ActiveCfg = Debug|Any CPU
		{B60ED968-EBFA-4F5C-B14E-A81F13632AEA}.Debug|Any CPU.Build.0 = Debug|Any CPU
		{B60ED968-EBFA-4F5C-B14E-A81F13632AEA}.Debug|Mixed Platforms.ActiveCfg = Debug|Any CPU
		{B60ED968-EBFA-4F5C-B14E-A81F13632AEA}.Debug|Mixed Platforms.Build.0 = Debug|Any CPU
		{B60ED968-EBFA-4F5C-B14E-A81F13632AEA}.Debug|x86.ActiveCfg = Debug|Any CPU
		{B60ED968-EBFA-4F5C-B14E-A81F13632AEA}.Release|Any CPU.ActiveCfg = Release|Any CPU
		{B60ED968-EBFA-4F5C-B14E-A81F13632AEA}.Release|Any CPU.Build.0 = Release|Any CPU
		{B60ED968-EBFA-4F5C-B14E-A81F13632AEA}.Release|Mixed Platforms.ActiveCfg = Release|Any CPU
		{B60ED968-EBFA-4F5C-B14E-A81F13632AEA}.Release|Mixed Platforms.Build.0 = Release|Any CPU
		{B60ED968-EBFA-4F5C-B14E-A81F13632AEA}.Release|x86.ActiveCfg = Release|Any CPU
	EndGlobalSection
	GlobalSection(SolutionProperties) = preSolution
		HideSolutionNode = FALSE
	EndGlobalSection
	GlobalSection(SubversionScc) = preSolution
		Manager = AnkhSVN - Subversion Support for Visual Studio
		Svn-Managed = True
	EndGlobalSection
EndGlobal
