
Microsoft Visual Studio Solution File, Format Version 12.00
# Visual Studio 2012
Project("{FAE04EC0-301F-11D3-BF4B-00C04F79EFBC}") = "Simpl.Fundamental", "Simpl.Fundamental\Simpl.Fundamental.csproj", "{10287DD6-0C07-4737-9469-0AA21B7723BF}"
EndProject
Project("{FAE04EC0-301F-11D3-BF4B-00C04F79EFBC}") = "Simpl.OODSS.WindowsStoreApps", "Simpl.OODSS.WindowsStoreApps\Simpl.OODSS.WindowsStoreApps.csproj", "{30BA39D5-428D-4719-A001-882FB01E6F3A}"
EndProject
Project("{FAE04EC0-301F-11D3-BF4B-00C04F79EFBC}") = "Simpl.Serialization", "Simpl.Serialization\Simpl.Serialization.csproj", "{16C61DD8-68B1-4509-8E18-6F7E80B605A3}"
EndProject
Project("{FAE04EC0-301F-11D3-BF4B-00C04F79EFBC}") = "Simpl.OODSS", "Simpl.OODSS\Simpl.OODSS.csproj", "{4F3BF780-CC24-4EBA-9238-5D99B83D1E27}"
EndProject
Project("{FAE04EC0-301F-11D3-BF4B-00C04F79EFBC}") = "Simpl.Serialization.WindowsStoreApps", "Simpl.Serialization.WindowsStoreApps\Simpl.Serialization.WindowsStoreApps.csproj", "{AFBA5234-700A-4ABB-B743-7991113A7696}"
EndProject
Project("{FAE04EC0-301F-11D3-BF4B-00C04F79EFBC}") = "Simpl.Fundamental.WindowsStoreApps", "Simpl.Fundamental.WindowsStoreApps\Simpl.Fundamental.WindowsStoreApps.csproj", "{04CF4195-387B-4198-B6AD-D52D271B1D72}"
EndProject
Project("{FAE04EC0-301F-11D3-BF4B-00C04F79EFBC}") = "Simpl.OODSS.TestClientAndMessage", "Simpl.OODSS.TestClientAndMessage\Simpl.OODSS.TestClientAndMessage.csproj", "{2AC7B9DA-5364-4FD7-A97A-747951F25B26}"
EndProject
Project("{FAE04EC0-301F-11D3-BF4B-00C04F79EFBC}") = "Simpl.OODSS.WinRT.Test", "Simpl.OODSS.WinRT.Test\Simpl.OODSS.WinRT.Test.csproj", "{117109E3-6E4F-4EE3-8D4B-49A9B90BDA53}"
EndProject
Global
	GlobalSection(SolutionConfigurationPlatforms) = preSolution
		Debug|Any CPU = Debug|Any CPU
		Debug|ARM = Debug|ARM
		Debug|x64 = Debug|x64
		Debug|x86 = Debug|x86
		Release|Any CPU = Release|Any CPU
		Release|ARM = Release|ARM
		Release|x64 = Release|x64
		Release|x86 = Release|x86
	EndGlobalSection
	GlobalSection(ProjectConfigurationPlatforms) = postSolution
		{10287DD6-0C07-4737-9469-0AA21B7723BF}.Debug|Any CPU.ActiveCfg = Debug|Any CPU
		{10287DD6-0C07-4737-9469-0AA21B7723BF}.Debug|Any CPU.Build.0 = Debug|Any CPU
		{10287DD6-0C07-4737-9469-0AA21B7723BF}.Debug|ARM.ActiveCfg = Debug|Any CPU
		{10287DD6-0C07-4737-9469-0AA21B7723BF}.Debug|x64.ActiveCfg = Debug|x64
		{10287DD6-0C07-4737-9469-0AA21B7723BF}.Debug|x64.Build.0 = Debug|x64
		{10287DD6-0C07-4737-9469-0AA21B7723BF}.Debug|x86.ActiveCfg = Debug|x86
		{10287DD6-0C07-4737-9469-0AA21B7723BF}.Debug|x86.Build.0 = Debug|x86
		{10287DD6-0C07-4737-9469-0AA21B7723BF}.Release|Any CPU.ActiveCfg = Release|Any CPU
		{10287DD6-0C07-4737-9469-0AA21B7723BF}.Release|Any CPU.Build.0 = Release|Any CPU
		{10287DD6-0C07-4737-9469-0AA21B7723BF}.Release|ARM.ActiveCfg = Release|Any CPU
		{10287DD6-0C07-4737-9469-0AA21B7723BF}.Release|x64.ActiveCfg = Release|x64
		{10287DD6-0C07-4737-9469-0AA21B7723BF}.Release|x64.Build.0 = Release|x64
		{10287DD6-0C07-4737-9469-0AA21B7723BF}.Release|x86.ActiveCfg = Release|x86
		{10287DD6-0C07-4737-9469-0AA21B7723BF}.Release|x86.Build.0 = Release|x86
		{30BA39D5-428D-4719-A001-882FB01E6F3A}.Debug|Any CPU.ActiveCfg = Debug|Any CPU
		{30BA39D5-428D-4719-A001-882FB01E6F3A}.Debug|Any CPU.Build.0 = Debug|Any CPU
		{30BA39D5-428D-4719-A001-882FB01E6F3A}.Debug|ARM.ActiveCfg = Debug|ARM
		{30BA39D5-428D-4719-A001-882FB01E6F3A}.Debug|ARM.Build.0 = Debug|ARM
		{30BA39D5-428D-4719-A001-882FB01E6F3A}.Debug|x64.ActiveCfg = Debug|x64
		{30BA39D5-428D-4719-A001-882FB01E6F3A}.Debug|x64.Build.0 = Debug|x64
		{30BA39D5-428D-4719-A001-882FB01E6F3A}.Debug|x86.ActiveCfg = Debug|x86
		{30BA39D5-428D-4719-A001-882FB01E6F3A}.Debug|x86.Build.0 = Debug|x86
		{30BA39D5-428D-4719-A001-882FB01E6F3A}.Release|Any CPU.ActiveCfg = Release|Any CPU
		{30BA39D5-428D-4719-A001-882FB01E6F3A}.Release|Any CPU.Build.0 = Release|Any CPU
		{30BA39D5-428D-4719-A001-882FB01E6F3A}.Release|ARM.ActiveCfg = Release|ARM
		{30BA39D5-428D-4719-A001-882FB01E6F3A}.Release|ARM.Build.0 = Release|ARM
		{30BA39D5-428D-4719-A001-882FB01E6F3A}.Release|x64.ActiveCfg = Release|x64
		{30BA39D5-428D-4719-A001-882FB01E6F3A}.Release|x64.Build.0 = Release|x64
		{30BA39D5-428D-4719-A001-882FB01E6F3A}.Release|x86.ActiveCfg = Release|x86
		{30BA39D5-428D-4719-A001-882FB01E6F3A}.Release|x86.Build.0 = Release|x86
		{16C61DD8-68B1-4509-8E18-6F7E80B605A3}.Debug|Any CPU.ActiveCfg = Debug|Any CPU
		{16C61DD8-68B1-4509-8E18-6F7E80B605A3}.Debug|Any CPU.Build.0 = Debug|Any CPU
		{16C61DD8-68B1-4509-8E18-6F7E80B605A3}.Debug|ARM.ActiveCfg = Debug|Any CPU
		{16C61DD8-68B1-4509-8E18-6F7E80B605A3}.Debug|x64.ActiveCfg = Debug|x64
		{16C61DD8-68B1-4509-8E18-6F7E80B605A3}.Debug|x64.Build.0 = Debug|x64
		{16C61DD8-68B1-4509-8E18-6F7E80B605A3}.Debug|x86.ActiveCfg = Debug|x86
		{16C61DD8-68B1-4509-8E18-6F7E80B605A3}.Debug|x86.Build.0 = Debug|x86
		{16C61DD8-68B1-4509-8E18-6F7E80B605A3}.Release|Any CPU.ActiveCfg = Release|Any CPU
		{16C61DD8-68B1-4509-8E18-6F7E80B605A3}.Release|Any CPU.Build.0 = Release|Any CPU
		{16C61DD8-68B1-4509-8E18-6F7E80B605A3}.Release|ARM.ActiveCfg = Release|Any CPU
		{16C61DD8-68B1-4509-8E18-6F7E80B605A3}.Release|x64.ActiveCfg = Release|x64
		{16C61DD8-68B1-4509-8E18-6F7E80B605A3}.Release|x64.Build.0 = Release|x64
		{16C61DD8-68B1-4509-8E18-6F7E80B605A3}.Release|x86.ActiveCfg = Release|x86
		{16C61DD8-68B1-4509-8E18-6F7E80B605A3}.Release|x86.Build.0 = Release|x86
		{4F3BF780-CC24-4EBA-9238-5D99B83D1E27}.Debug|Any CPU.ActiveCfg = Debug|Any CPU
		{4F3BF780-CC24-4EBA-9238-5D99B83D1E27}.Debug|Any CPU.Build.0 = Debug|Any CPU
		{4F3BF780-CC24-4EBA-9238-5D99B83D1E27}.Debug|ARM.ActiveCfg = Debug|Any CPU
		{4F3BF780-CC24-4EBA-9238-5D99B83D1E27}.Debug|x64.ActiveCfg = Debug|x64
		{4F3BF780-CC24-4EBA-9238-5D99B83D1E27}.Debug|x64.Build.0 = Debug|x64
		{4F3BF780-CC24-4EBA-9238-5D99B83D1E27}.Debug|x86.ActiveCfg = Debug|x86
		{4F3BF780-CC24-4EBA-9238-5D99B83D1E27}.Debug|x86.Build.0 = Debug|x86
		{4F3BF780-CC24-4EBA-9238-5D99B83D1E27}.Release|Any CPU.ActiveCfg = Release|Any CPU
		{4F3BF780-CC24-4EBA-9238-5D99B83D1E27}.Release|Any CPU.Build.0 = Release|Any CPU
		{4F3BF780-CC24-4EBA-9238-5D99B83D1E27}.Release|ARM.ActiveCfg = Release|Any CPU
		{4F3BF780-CC24-4EBA-9238-5D99B83D1E27}.Release|x64.ActiveCfg = Release|x64
		{4F3BF780-CC24-4EBA-9238-5D99B83D1E27}.Release|x64.Build.0 = Release|x64
		{4F3BF780-CC24-4EBA-9238-5D99B83D1E27}.Release|x86.ActiveCfg = Release|x86
		{4F3BF780-CC24-4EBA-9238-5D99B83D1E27}.Release|x86.Build.0 = Release|x86
		{AFBA5234-700A-4ABB-B743-7991113A7696}.Debug|Any CPU.ActiveCfg = Debug|Any CPU
		{AFBA5234-700A-4ABB-B743-7991113A7696}.Debug|Any CPU.Build.0 = Debug|Any CPU
		{AFBA5234-700A-4ABB-B743-7991113A7696}.Debug|ARM.ActiveCfg = Debug|ARM
		{AFBA5234-700A-4ABB-B743-7991113A7696}.Debug|ARM.Build.0 = Debug|ARM
		{AFBA5234-700A-4ABB-B743-7991113A7696}.Debug|x64.ActiveCfg = Debug|x64
		{AFBA5234-700A-4ABB-B743-7991113A7696}.Debug|x64.Build.0 = Debug|x64
		{AFBA5234-700A-4ABB-B743-7991113A7696}.Debug|x86.ActiveCfg = Debug|x86
		{AFBA5234-700A-4ABB-B743-7991113A7696}.Debug|x86.Build.0 = Debug|x86
		{AFBA5234-700A-4ABB-B743-7991113A7696}.Release|Any CPU.ActiveCfg = Release|Any CPU
		{AFBA5234-700A-4ABB-B743-7991113A7696}.Release|Any CPU.Build.0 = Release|Any CPU
		{AFBA5234-700A-4ABB-B743-7991113A7696}.Release|ARM.ActiveCfg = Release|ARM
		{AFBA5234-700A-4ABB-B743-7991113A7696}.Release|ARM.Build.0 = Release|ARM
		{AFBA5234-700A-4ABB-B743-7991113A7696}.Release|x64.ActiveCfg = Release|x64
		{AFBA5234-700A-4ABB-B743-7991113A7696}.Release|x64.Build.0 = Release|x64
		{AFBA5234-700A-4ABB-B743-7991113A7696}.Release|x86.ActiveCfg = Release|x86
		{AFBA5234-700A-4ABB-B743-7991113A7696}.Release|x86.Build.0 = Release|x86
		{04CF4195-387B-4198-B6AD-D52D271B1D72}.Debug|Any CPU.ActiveCfg = Debug|Any CPU
		{04CF4195-387B-4198-B6AD-D52D271B1D72}.Debug|Any CPU.Build.0 = Debug|Any CPU
		{04CF4195-387B-4198-B6AD-D52D271B1D72}.Debug|ARM.ActiveCfg = Debug|ARM
		{04CF4195-387B-4198-B6AD-D52D271B1D72}.Debug|ARM.Build.0 = Debug|ARM
		{04CF4195-387B-4198-B6AD-D52D271B1D72}.Debug|x64.ActiveCfg = Debug|x64
		{04CF4195-387B-4198-B6AD-D52D271B1D72}.Debug|x64.Build.0 = Debug|x64
		{04CF4195-387B-4198-B6AD-D52D271B1D72}.Debug|x86.ActiveCfg = Debug|x86
		{04CF4195-387B-4198-B6AD-D52D271B1D72}.Debug|x86.Build.0 = Debug|x86
		{04CF4195-387B-4198-B6AD-D52D271B1D72}.Release|Any CPU.ActiveCfg = Release|Any CPU
		{04CF4195-387B-4198-B6AD-D52D271B1D72}.Release|Any CPU.Build.0 = Release|Any CPU
		{04CF4195-387B-4198-B6AD-D52D271B1D72}.Release|ARM.ActiveCfg = Release|ARM
		{04CF4195-387B-4198-B6AD-D52D271B1D72}.Release|ARM.Build.0 = Release|ARM
		{04CF4195-387B-4198-B6AD-D52D271B1D72}.Release|x64.ActiveCfg = Release|x64
		{04CF4195-387B-4198-B6AD-D52D271B1D72}.Release|x64.Build.0 = Release|x64
		{04CF4195-387B-4198-B6AD-D52D271B1D72}.Release|x86.ActiveCfg = Release|x86
		{04CF4195-387B-4198-B6AD-D52D271B1D72}.Release|x86.Build.0 = Release|x86
		{2AC7B9DA-5364-4FD7-A97A-747951F25B26}.Debug|Any CPU.ActiveCfg = Debug|Any CPU
		{2AC7B9DA-5364-4FD7-A97A-747951F25B26}.Debug|Any CPU.Build.0 = Debug|Any CPU
		{2AC7B9DA-5364-4FD7-A97A-747951F25B26}.Debug|ARM.ActiveCfg = Debug|Any CPU
		{2AC7B9DA-5364-4FD7-A97A-747951F25B26}.Debug|x64.ActiveCfg = Debug|Any CPU
		{2AC7B9DA-5364-4FD7-A97A-747951F25B26}.Debug|x86.ActiveCfg = Debug|Any CPU
		{2AC7B9DA-5364-4FD7-A97A-747951F25B26}.Release|Any CPU.ActiveCfg = Release|Any CPU
		{2AC7B9DA-5364-4FD7-A97A-747951F25B26}.Release|Any CPU.Build.0 = Release|Any CPU
		{2AC7B9DA-5364-4FD7-A97A-747951F25B26}.Release|ARM.ActiveCfg = Release|Any CPU
		{2AC7B9DA-5364-4FD7-A97A-747951F25B26}.Release|x64.ActiveCfg = Release|Any CPU
		{2AC7B9DA-5364-4FD7-A97A-747951F25B26}.Release|x86.ActiveCfg = Release|Any CPU
		{117109E3-6E4F-4EE3-8D4B-49A9B90BDA53}.Debug|Any CPU.ActiveCfg = Debug|Any CPU
		{117109E3-6E4F-4EE3-8D4B-49A9B90BDA53}.Debug|Any CPU.Build.0 = Debug|Any CPU
		{117109E3-6E4F-4EE3-8D4B-49A9B90BDA53}.Debug|Any CPU.Deploy.0 = Debug|Any CPU
		{117109E3-6E4F-4EE3-8D4B-49A9B90BDA53}.Debug|ARM.ActiveCfg = Debug|ARM
		{117109E3-6E4F-4EE3-8D4B-49A9B90BDA53}.Debug|ARM.Build.0 = Debug|ARM
		{117109E3-6E4F-4EE3-8D4B-49A9B90BDA53}.Debug|ARM.Deploy.0 = Debug|ARM
		{117109E3-6E4F-4EE3-8D4B-49A9B90BDA53}.Debug|x64.ActiveCfg = Debug|x64
		{117109E3-6E4F-4EE3-8D4B-49A9B90BDA53}.Debug|x64.Build.0 = Debug|x64
		{117109E3-6E4F-4EE3-8D4B-49A9B90BDA53}.Debug|x64.Deploy.0 = Debug|x64
		{117109E3-6E4F-4EE3-8D4B-49A9B90BDA53}.Debug|x86.ActiveCfg = Debug|x86
		{117109E3-6E4F-4EE3-8D4B-49A9B90BDA53}.Debug|x86.Build.0 = Debug|x86
		{117109E3-6E4F-4EE3-8D4B-49A9B90BDA53}.Debug|x86.Deploy.0 = Debug|x86
		{117109E3-6E4F-4EE3-8D4B-49A9B90BDA53}.Release|Any CPU.ActiveCfg = Release|Any CPU
		{117109E3-6E4F-4EE3-8D4B-49A9B90BDA53}.Release|Any CPU.Build.0 = Release|Any CPU
		{117109E3-6E4F-4EE3-8D4B-49A9B90BDA53}.Release|Any CPU.Deploy.0 = Release|Any CPU
		{117109E3-6E4F-4EE3-8D4B-49A9B90BDA53}.Release|ARM.ActiveCfg = Release|ARM
		{117109E3-6E4F-4EE3-8D4B-49A9B90BDA53}.Release|ARM.Build.0 = Release|ARM
		{117109E3-6E4F-4EE3-8D4B-49A9B90BDA53}.Release|ARM.Deploy.0 = Release|ARM
		{117109E3-6E4F-4EE3-8D4B-49A9B90BDA53}.Release|x64.ActiveCfg = Release|x64
		{117109E3-6E4F-4EE3-8D4B-49A9B90BDA53}.Release|x64.Build.0 = Release|x64
		{117109E3-6E4F-4EE3-8D4B-49A9B90BDA53}.Release|x64.Deploy.0 = Release|x64
		{117109E3-6E4F-4EE3-8D4B-49A9B90BDA53}.Release|x86.ActiveCfg = Release|x86
		{117109E3-6E4F-4EE3-8D4B-49A9B90BDA53}.Release|x86.Build.0 = Release|x86
		{117109E3-6E4F-4EE3-8D4B-49A9B90BDA53}.Release|x86.Deploy.0 = Release|x86
	EndGlobalSection
	GlobalSection(SolutionProperties) = preSolution
		HideSolutionNode = FALSE
	EndGlobalSection
EndGlobal
